// !$*UTF8*$!
{
	archiveVersion = 1;
	classes = {
	};
	objectVersion = 50;
	objects = {

/* Begin PBXBuildFile section */
		6B27CABA25CE0AFD006D1B93 /* ModelData.swift in Sources */ = {isa = PBXBuildFile; fileRef = 6B27CAB925CE0AFD006D1B93 /* ModelData.swift */; };
		6B27CAC225CE0BF9006D1B93 /* Profile.swift in Sources */ = {isa = PBXBuildFile; fileRef = 6B27CAC125CE0BF9006D1B93 /* Profile.swift */; };
		6B27CACC25CE0ED3006D1B93 /* ProfileData.json in Resources */ = {isa = PBXBuildFile; fileRef = 6B27CACB25CE0ED3006D1B93 /* ProfileData.json */; };
		6B27CAD625CE1D87006D1B93 /* Bucket.swift in Sources */ = {isa = PBXBuildFile; fileRef = 6B27CAD525CE1D87006D1B93 /* Bucket.swift */; };
		6B27CAE325CE2096006D1B93 /* ProfileHost.swift in Sources */ = {isa = PBXBuildFile; fileRef = 6B27CAE225CE2096006D1B93 /* ProfileHost.swift */; };
		6B27CAE925CE20F4006D1B93 /* ProfileSummary.swift in Sources */ = {isa = PBXBuildFile; fileRef = 6B27CAE825CE20F4006D1B93 /* ProfileSummary.swift */; };
		6B452DF425CF3529004C0C54 /* BucketList.swift in Sources */ = {isa = PBXBuildFile; fileRef = 6B452DF325CF3529004C0C54 /* BucketList.swift */; };
		6B452DF825CF3935004C0C54 /* BucketDetail.swift in Sources */ = {isa = PBXBuildFile; fileRef = 6B452DF725CF3935004C0C54 /* BucketDetail.swift */; };
		6B452DFF25CF4760004C0C54 /* FavoriteButton.swift in Sources */ = {isa = PBXBuildFile; fileRef = 6B452DFE25CF4760004C0C54 /* FavoriteButton.swift */; };
		6B452E0925CF4F9C004C0C54 /* CategoryHome.swift in Sources */ = {isa = PBXBuildFile; fileRef = 6B452E0825CF4F9C004C0C54 /* CategoryHome.swift */; };
		6B452E0D25CF50D5004C0C54 /* CategoryRow.swift in Sources */ = {isa = PBXBuildFile; fileRef = 6B452E0C25CF50D5004C0C54 /* CategoryRow.swift */; };
		6B452E1125CF5603004C0C54 /* CategoryItem.swift in Sources */ = {isa = PBXBuildFile; fileRef = 6B452E1025CF5603004C0C54 /* CategoryItem.swift */; };
		6B452E1525CF657F004C0C54 /* ContentView.swift in Sources */ = {isa = PBXBuildFile; fileRef = 6B452E1425CF657F004C0C54 /* ContentView.swift */; };
		6B56312F25CE2BFE009F34D8 /* ProfileEditor.swift in Sources */ = {isa = PBXBuildFile; fileRef = 6B56312E25CE2BFE009F34D8 /* ProfileEditor.swift */; };
		6B846C2425D1A634006F27A1 /* ToDoListCheck.swift in Sources */ = {isa = PBXBuildFile; fileRef = 6B846C2325D1A634006F27A1 /* ToDoListCheck.swift */; };
		6B846C3125D1ADC4006F27A1 /* ToDoList.swift in Sources */ = {isa = PBXBuildFile; fileRef = 6B846C3025D1ADC4006F27A1 /* ToDoList.swift */; };
		6B846C4125D1B572006F27A1 /* ToDo.swift in Sources */ = {isa = PBXBuildFile; fileRef = 6B846C4025D1B572006F27A1 /* ToDo.swift */; };
		6B846C4A25D2158A006F27A1 /* FinishedButton.swift in Sources */ = {isa = PBXBuildFile; fileRef = 6B846C4925D2158A006F27A1 /* FinishedButton.swift */; };
		6B8AA1C225C9C39A00E3B782 /* WanderBucketApp.swift in Sources */ = {isa = PBXBuildFile; fileRef = 6B8AA1C125C9C39A00E3B782 /* WanderBucketApp.swift */; };
		6B8AA1C425C9C39A00E3B782 /* LoginScreen.swift in Sources */ = {isa = PBXBuildFile; fileRef = 6B8AA1C325C9C39A00E3B782 /* LoginScreen.swift */; };
		6B8AA1C625C9C39D00E3B782 /* Assets.xcassets in Resources */ = {isa = PBXBuildFile; fileRef = 6B8AA1C525C9C39D00E3B782 /* Assets.xcassets */; };
		6B8AA1C925C9C39D00E3B782 /* Preview Assets.xcassets in Resources */ = {isa = PBXBuildFile; fileRef = 6B8AA1C825C9C39D00E3B782 /* Preview Assets.xcassets */; };
		6BAC47F425CB571400C5F7AE /* SignUpScreen.swift in Sources */ = {isa = PBXBuildFile; fileRef = 6BAC47F325CB571400C5F7AE /* SignUpScreen.swift */; };
		6BAC47FC25CB93A600C5F7AE /* ForgotPasswordScreen.swift in Sources */ = {isa = PBXBuildFile; fileRef = 6BAC47FB25CB93A600C5F7AE /* ForgotPasswordScreen.swift */; };
		6BBF754F25CF182B008D8DE7 /* bucketData.json in Resources */ = {isa = PBXBuildFile; fileRef = 6BBF754E25CF182B008D8DE7 /* bucketData.json */; };
		6BDB8C3A25C9D82600174CF2 /* GlobeScreen.swift in Sources */ = {isa = PBXBuildFile; fileRef = 6BDB8C3925C9D82600174CF2 /* GlobeScreen.swift */; };
		6BDB8C4725CA027100174CF2 /* OnBoardingScreen.swift in Sources */ = {isa = PBXBuildFile; fileRef = 6BDB8C4625CA027100174CF2 /* OnBoardingScreen.swift */; };
		6BE93AB025D080E10082518F /* FeatureCard.swift in Sources */ = {isa = PBXBuildFile; fileRef = 6BE93AAF25D080E10082518F /* FeatureCard.swift */; };
		6BE93AB625D080F50082518F /* PageControl.swift in Sources */ = {isa = PBXBuildFile; fileRef = 6BE93AB525D080F50082518F /* PageControl.swift */; };
		6BE93ABA25D081020082518F /* PageView.swift in Sources */ = {isa = PBXBuildFile; fileRef = 6BE93AB925D081020082518F /* PageView.swift */; };
		6BE93ABE25D081110082518F /* PageViewController.swift in Sources */ = {isa = PBXBuildFile; fileRef = 6BE93ABD25D081110082518F /* PageViewController.swift */; };
		6BEAA8B525CCB2D000A96BF1 /* SQLite.framework in Frameworks */ = {isa = PBXBuildFile; fileRef = 6BEAA89D25CCB23A00A96BF1 /* SQLite.framework */; };
		6BEAA8B625CCB2D000A96BF1 /* SQLite.framework in Embed Frameworks */ = {isa = PBXBuildFile; fileRef = 6BEAA89D25CCB23A00A96BF1 /* SQLite.framework */; settings = {ATTRIBUTES = (CodeSignOnCopy, RemoveHeadersOnCopy, ); }; };
		6BFE9D1825CF0CE5003BC7AD /* ProfilePicture.swift in Sources */ = {isa = PBXBuildFile; fileRef = 6BFE9D1725CF0CE5003BC7AD /* ProfilePicture.swift */; };
		6BFE9D2625CF134E003BC7AD /* BucketRow.swift in Sources */ = {isa = PBXBuildFile; fileRef = 6BFE9D2525CF134E003BC7AD /* BucketRow.swift */; };
/* End PBXBuildFile section */

/* Begin PBXContainerItemProxy section */
		6B8AA1D025C9C39D00E3B782 /* PBXContainerItemProxy */ = {
			isa = PBXContainerItemProxy;
			containerPortal = 6B8AA1B625C9C39A00E3B782 /* Project object */;
			proxyType = 1;
			remoteGlobalIDString = 6B8AA1BD25C9C39A00E3B782;
			remoteInfo = WanderBucket;
		};
		6B8AA1DB25C9C39D00E3B782 /* PBXContainerItemProxy */ = {
			isa = PBXContainerItemProxy;
			containerPortal = 6B8AA1B625C9C39A00E3B782 /* Project object */;
			proxyType = 1;
			remoteGlobalIDString = 6B8AA1BD25C9C39A00E3B782;
			remoteInfo = WanderBucket;
		};
		6BEAA89C25CCB23A00A96BF1 /* PBXContainerItemProxy */ = {
			isa = PBXContainerItemProxy;
			containerPortal = 6BEAA89225CCB23A00A96BF1 /* SQLite.xcodeproj */;
			proxyType = 2;
			remoteGlobalIDString = EE247AD31C3F04ED00AE3E12;
			remoteInfo = "SQLite iOS";
		};
		6BEAA89E25CCB23A00A96BF1 /* PBXContainerItemProxy */ = {
			isa = PBXContainerItemProxy;
			containerPortal = 6BEAA89225CCB23A00A96BF1 /* SQLite.xcodeproj */;
			proxyType = 2;
			remoteGlobalIDString = EE247ADD1C3F04ED00AE3E12;
			remoteInfo = "SQLiteTests iOS";
		};
		6BEAA8A025CCB23A00A96BF1 /* PBXContainerItemProxy */ = {
			isa = PBXContainerItemProxy;
			containerPortal = 6BEAA89225CCB23A00A96BF1 /* SQLite.xcodeproj */;
			proxyType = 2;
			remoteGlobalIDString = EE247B3C1C3F3ED000AE3E12;
			remoteInfo = "SQLite Mac";
		};
		6BEAA8A225CCB23A00A96BF1 /* PBXContainerItemProxy */ = {
			isa = PBXContainerItemProxy;
			containerPortal = 6BEAA89225CCB23A00A96BF1 /* SQLite.xcodeproj */;
			proxyType = 2;
			remoteGlobalIDString = EE247B451C3F3ED000AE3E12;
			remoteInfo = "SQLiteTests Mac";
		};
		6BEAA8A425CCB23A00A96BF1 /* PBXContainerItemProxy */ = {
			isa = PBXContainerItemProxy;
			containerPortal = 6BEAA89225CCB23A00A96BF1 /* SQLite.xcodeproj */;
			proxyType = 2;
			remoteGlobalIDString = 03A65E5A1C6BB0F50062603F;
			remoteInfo = "SQLite tvOS";
		};
		6BEAA8A625CCB23A00A96BF1 /* PBXContainerItemProxy */ = {
			isa = PBXContainerItemProxy;
			containerPortal = 6BEAA89225CCB23A00A96BF1 /* SQLite.xcodeproj */;
			proxyType = 2;
			remoteGlobalIDString = 03A65E631C6BB0F60062603F;
			remoteInfo = "SQLiteTests tvOS";
		};
		6BEAA8A825CCB23A00A96BF1 /* PBXContainerItemProxy */ = {
			isa = PBXContainerItemProxy;
			containerPortal = 6BEAA89225CCB23A00A96BF1 /* SQLite.xcodeproj */;
			proxyType = 2;
			remoteGlobalIDString = A121AC451CA35C79005A31D1;
			remoteInfo = "SQLite watchOS";
		};
/* End PBXContainerItemProxy section */

/* Begin PBXCopyFilesBuildPhase section */
		6BEAA8B725CCB2D000A96BF1 /* Embed Frameworks */ = {
			isa = PBXCopyFilesBuildPhase;
			buildActionMask = 2147483647;
			dstPath = "";
			dstSubfolderSpec = 10;
			files = (
				6BEAA8B625CCB2D000A96BF1 /* SQLite.framework in Embed Frameworks */,
			);
			name = "Embed Frameworks";
			runOnlyForDeploymentPostprocessing = 0;
		};
/* End PBXCopyFilesBuildPhase section */

/* Begin PBXFileReference section */
		6B27CAB925CE0AFD006D1B93 /* ModelData.swift */ = {isa = PBXFileReference; fileEncoding = 4; lastKnownFileType = sourcecode.swift; path = ModelData.swift; sourceTree = "<group>"; };
		6B27CAC125CE0BF9006D1B93 /* Profile.swift */ = {isa = PBXFileReference; fileEncoding = 4; lastKnownFileType = sourcecode.swift; path = Profile.swift; sourceTree = "<group>"; };
		6B27CACB25CE0ED3006D1B93 /* ProfileData.json */ = {isa = PBXFileReference; fileEncoding = 4; lastKnownFileType = text.json; path = ProfileData.json; sourceTree = "<group>"; };
		6B27CAD525CE1D87006D1B93 /* Bucket.swift */ = {isa = PBXFileReference; lastKnownFileType = sourcecode.swift; path = Bucket.swift; sourceTree = "<group>"; };
		6B27CAE225CE2096006D1B93 /* ProfileHost.swift */ = {isa = PBXFileReference; lastKnownFileType = sourcecode.swift; path = ProfileHost.swift; sourceTree = "<group>"; };
		6B27CAE825CE20F4006D1B93 /* ProfileSummary.swift */ = {isa = PBXFileReference; lastKnownFileType = sourcecode.swift; path = ProfileSummary.swift; sourceTree = "<group>"; };
		6B452DF325CF3529004C0C54 /* BucketList.swift */ = {isa = PBXFileReference; lastKnownFileType = sourcecode.swift; path = BucketList.swift; sourceTree = "<group>"; };
		6B452DF725CF3935004C0C54 /* BucketDetail.swift */ = {isa = PBXFileReference; lastKnownFileType = sourcecode.swift; path = BucketDetail.swift; sourceTree = "<group>"; };
		6B452DFE25CF4760004C0C54 /* FavoriteButton.swift */ = {isa = PBXFileReference; lastKnownFileType = sourcecode.swift; path = FavoriteButton.swift; sourceTree = "<group>"; };
		6B452E0825CF4F9C004C0C54 /* CategoryHome.swift */ = {isa = PBXFileReference; lastKnownFileType = sourcecode.swift; path = CategoryHome.swift; sourceTree = "<group>"; };
		6B452E0C25CF50D5004C0C54 /* CategoryRow.swift */ = {isa = PBXFileReference; lastKnownFileType = sourcecode.swift; path = CategoryRow.swift; sourceTree = "<group>"; };
		6B452E1025CF5603004C0C54 /* CategoryItem.swift */ = {isa = PBXFileReference; lastKnownFileType = sourcecode.swift; path = CategoryItem.swift; sourceTree = "<group>"; };
		6B452E1425CF657F004C0C54 /* ContentView.swift */ = {isa = PBXFileReference; lastKnownFileType = sourcecode.swift; path = ContentView.swift; sourceTree = "<group>"; };
		6B56312E25CE2BFE009F34D8 /* ProfileEditor.swift */ = {isa = PBXFileReference; lastKnownFileType = sourcecode.swift; path = ProfileEditor.swift; sourceTree = "<group>"; };
		6B846C2325D1A634006F27A1 /* ToDoListCheck.swift */ = {isa = PBXFileReference; lastKnownFileType = sourcecode.swift; path = ToDoListCheck.swift; sourceTree = "<group>"; };
		6B846C3025D1ADC4006F27A1 /* ToDoList.swift */ = {isa = PBXFileReference; lastKnownFileType = sourcecode.swift; path = ToDoList.swift; sourceTree = "<group>"; };
		6B846C4025D1B572006F27A1 /* ToDo.swift */ = {isa = PBXFileReference; lastKnownFileType = sourcecode.swift; path = ToDo.swift; sourceTree = "<group>"; };
		6B846C4925D2158A006F27A1 /* FinishedButton.swift */ = {isa = PBXFileReference; lastKnownFileType = sourcecode.swift; path = FinishedButton.swift; sourceTree = "<group>"; };
		6B8AA1BE25C9C39A00E3B782 /* WanderBucket.app */ = {isa = PBXFileReference; explicitFileType = wrapper.application; includeInIndex = 0; path = WanderBucket.app; sourceTree = BUILT_PRODUCTS_DIR; };
		6B8AA1C125C9C39A00E3B782 /* WanderBucketApp.swift */ = {isa = PBXFileReference; lastKnownFileType = sourcecode.swift; path = WanderBucketApp.swift; sourceTree = "<group>"; };
		6B8AA1C325C9C39A00E3B782 /* LoginScreen.swift */ = {isa = PBXFileReference; lastKnownFileType = sourcecode.swift; path = LoginScreen.swift; sourceTree = "<group>"; xcLanguageSpecificationIdentifier = xcode.lang.swift; };
		6B8AA1C525C9C39D00E3B782 /* Assets.xcassets */ = {isa = PBXFileReference; lastKnownFileType = folder.assetcatalog; path = Assets.xcassets; sourceTree = "<group>"; };
		6B8AA1C825C9C39D00E3B782 /* Preview Assets.xcassets */ = {isa = PBXFileReference; lastKnownFileType = folder.assetcatalog; path = "Preview Assets.xcassets"; sourceTree = "<group>"; };
		6B8AA1CA25C9C39D00E3B782 /* Info.plist */ = {isa = PBXFileReference; lastKnownFileType = text.plist.xml; path = Info.plist; sourceTree = "<group>"; };
		6B8AA1CF25C9C39D00E3B782 /* WanderBucketTests.xctest */ = {isa = PBXFileReference; explicitFileType = wrapper.cfbundle; includeInIndex = 0; path = WanderBucketTests.xctest; sourceTree = BUILT_PRODUCTS_DIR; };
		6B8AA1DA25C9C39D00E3B782 /* WanderBucketUITests.xctest */ = {isa = PBXFileReference; explicitFileType = wrapper.cfbundle; includeInIndex = 0; path = WanderBucketUITests.xctest; sourceTree = BUILT_PRODUCTS_DIR; };
		6BAC47F325CB571400C5F7AE /* SignUpScreen.swift */ = {isa = PBXFileReference; lastKnownFileType = sourcecode.swift; path = SignUpScreen.swift; sourceTree = "<group>"; xcLanguageSpecificationIdentifier = xcode.lang.swift; };
		6BAC47FB25CB93A600C5F7AE /* ForgotPasswordScreen.swift */ = {isa = PBXFileReference; lastKnownFileType = sourcecode.swift; path = ForgotPasswordScreen.swift; sourceTree = "<group>"; };
		6BBF754E25CF182B008D8DE7 /* bucketData.json */ = {isa = PBXFileReference; fileEncoding = 4; lastKnownFileType = text.json; path = bucketData.json; sourceTree = "<group>"; };
		6BDB8C3925C9D82600174CF2 /* GlobeScreen.swift */ = {isa = PBXFileReference; lastKnownFileType = sourcecode.swift; path = GlobeScreen.swift; sourceTree = "<group>"; };
		6BDB8C4625CA027100174CF2 /* OnBoardingScreen.swift */ = {isa = PBXFileReference; lastKnownFileType = sourcecode.swift; path = OnBoardingScreen.swift; sourceTree = "<group>"; };
		6BE93AAF25D080E10082518F /* FeatureCard.swift */ = {isa = PBXFileReference; lastKnownFileType = sourcecode.swift; path = FeatureCard.swift; sourceTree = "<group>"; };
		6BE93AB525D080F50082518F /* PageControl.swift */ = {isa = PBXFileReference; lastKnownFileType = sourcecode.swift; path = PageControl.swift; sourceTree = "<group>"; };
		6BE93AB925D081020082518F /* PageView.swift */ = {isa = PBXFileReference; lastKnownFileType = sourcecode.swift; path = PageView.swift; sourceTree = "<group>"; };
		6BE93ABD25D081110082518F /* PageViewController.swift */ = {isa = PBXFileReference; lastKnownFileType = sourcecode.swift; path = PageViewController.swift; sourceTree = "<group>"; };
		6BEAA89225CCB23A00A96BF1 /* SQLite.xcodeproj */ = {isa = PBXFileReference; lastKnownFileType = "wrapper.pb-project"; name = SQLite.xcodeproj; path = "../SQLite.swift-master/SQLite.xcodeproj"; sourceTree = "<group>"; };
		6BFE9D1725CF0CE5003BC7AD /* ProfilePicture.swift */ = {isa = PBXFileReference; lastKnownFileType = sourcecode.swift; path = ProfilePicture.swift; sourceTree = "<group>"; };
		6BFE9D2525CF134E003BC7AD /* BucketRow.swift */ = {isa = PBXFileReference; lastKnownFileType = sourcecode.swift; path = BucketRow.swift; sourceTree = "<group>"; };
/* End PBXFileReference section */

/* Begin PBXFrameworksBuildPhase section */
		6B8AA1BB25C9C39A00E3B782 /* Frameworks */ = {
			isa = PBXFrameworksBuildPhase;
			buildActionMask = 2147483647;
			files = (
				6BEAA8B525CCB2D000A96BF1 /* SQLite.framework in Frameworks */,
			);
			runOnlyForDeploymentPostprocessing = 0;
		};
		6B8AA1CC25C9C39D00E3B782 /* Frameworks */ = {
			isa = PBXFrameworksBuildPhase;
			buildActionMask = 2147483647;
			files = (
			);
			runOnlyForDeploymentPostprocessing = 0;
		};
		6B8AA1D725C9C39D00E3B782 /* Frameworks */ = {
			isa = PBXFrameworksBuildPhase;
			buildActionMask = 2147483647;
			files = (
			);
			runOnlyForDeploymentPostprocessing = 0;
		};
/* End PBXFrameworksBuildPhase section */

/* Begin PBXGroup section */
		6B27CAB025CE00E6006D1B93 /* Views */ = {
			isa = PBXGroup;
			children = (
				6BDB8C4625CA027100174CF2 /* OnBoardingScreen.swift */,
				6B8AA1C325C9C39A00E3B782 /* LoginScreen.swift */,
				6BAC47F325CB571400C5F7AE /* SignUpScreen.swift */,
				6BDB8C3925C9D82600174CF2 /* GlobeScreen.swift */,
				6BAC47FB25CB93A600C5F7AE /* ForgotPasswordScreen.swift */,
				6B452E1425CF657F004C0C54 /* ContentView.swift */,
			);
			path = Views;
			sourceTree = "<group>";
		};
		6B27CAB225CE00F7006D1B93 /* Model */ = {
			isa = PBXGroup;
			children = (
				6B27CAC125CE0BF9006D1B93 /* Profile.swift */,
				6B27CAD525CE1D87006D1B93 /* Bucket.swift */,
				6B27CAB925CE0AFD006D1B93 /* ModelData.swift */,
				6B846C4025D1B572006F27A1 /* ToDo.swift */,
			);
			path = Model;
			sourceTree = "<group>";
		};
		6B27CAB325CE0116006D1B93 /* Resources */ = {
			isa = PBXGroup;
			children = (
				6BBF754E25CF182B008D8DE7 /* bucketData.json */,
				6B27CACB25CE0ED3006D1B93 /* ProfileData.json */,
			);
			path = Resources;
			sourceTree = "<group>";
		};
		6B27CAE125CE1FB0006D1B93 /* Profiles */ = {
			isa = PBXGroup;
			children = (
				6BFE9D1725CF0CE5003BC7AD /* ProfilePicture.swift */,
				6B27CAE225CE2096006D1B93 /* ProfileHost.swift */,
				6B27CAE825CE20F4006D1B93 /* ProfileSummary.swift */,
				6B56312E25CE2BFE009F34D8 /* ProfileEditor.swift */,
			);
			path = Profiles;
			sourceTree = "<group>";
		};
		6B452DE125CF1FEE004C0C54 /* Assets.xcassets */ = {
			isa = PBXGroup;
			children = (
				6B8AA1C525C9C39D00E3B782 /* Assets.xcassets */,
			);
			path = Assets.xcassets;
			sourceTree = "<group>";
		};
		6B452DFD25CF473E004C0C54 /* Helpers */ = {
			isa = PBXGroup;
			children = (
				6B452DFE25CF4760004C0C54 /* FavoriteButton.swift */,
				6B846C4925D2158A006F27A1 /* FinishedButton.swift */,
				6B846C2325D1A634006F27A1 /* ToDoListCheck.swift */,
				6B846C3025D1ADC4006F27A1 /* ToDoList.swift */,
			);
			path = Helpers;
			sourceTree = "<group>";
		};
		6B452E1825CF6784004C0C54 /* Categories */ = {
			isa = PBXGroup;
			children = (
				6B452E0825CF4F9C004C0C54 /* CategoryHome.swift */,
				6B452E0C25CF50D5004C0C54 /* CategoryRow.swift */,
				6B452E1025CF5603004C0C54 /* CategoryItem.swift */,
			);
			path = Categories;
			sourceTree = "<group>";
		};
		6B8AA1B525C9C39A00E3B782 = {
			isa = PBXGroup;
			children = (
				6BEAA89225CCB23A00A96BF1 /* SQLite.xcodeproj */,
				6B8AA1C025C9C39A00E3B782 /* WanderBucket */,
				6B8AA1BF25C9C39A00E3B782 /* Products */,
				6BEAA8B425CCB2D000A96BF1 /* Frameworks */,
			);
			sourceTree = "<group>";
		};
		6B8AA1BF25C9C39A00E3B782 /* Products */ = {
			isa = PBXGroup;
			children = (
				6B8AA1BE25C9C39A00E3B782 /* WanderBucket.app */,
				6B8AA1CF25C9C39D00E3B782 /* WanderBucketTests.xctest */,
				6B8AA1DA25C9C39D00E3B782 /* WanderBucketUITests.xctest */,
			);
			name = Products;
			sourceTree = "<group>";
		};
		6B8AA1C025C9C39A00E3B782 /* WanderBucket */ = {
			isa = PBXGroup;
			children = (
				6B27CAB025CE00E6006D1B93 /* Views */,
				6BE93AAE25D080BA0082518F /* PageView */,
				6B27CAE125CE1FB0006D1B93 /* Profiles */,
				6B452DFD25CF473E004C0C54 /* Helpers */,
				6BFE9D2425CF133F003BC7AD /* Buckets */,
				6B452E1825CF6784004C0C54 /* Categories */,
				6B27CAB225CE00F7006D1B93 /* Model */,
				6B8AA1C725C9C39D00E3B782 /* Preview Content */,
				6B8AA1C125C9C39A00E3B782 /* WanderBucketApp.swift */,
				6B8AA1CA25C9C39D00E3B782 /* Info.plist */,
				6B452DE125CF1FEE004C0C54 /* Assets.xcassets */,
				6B27CAB325CE0116006D1B93 /* Resources */,
			);
			path = WanderBucket;
			sourceTree = "<group>";
		};
		6B8AA1C725C9C39D00E3B782 /* Preview Content */ = {
			isa = PBXGroup;
			children = (
				6B8AA1C825C9C39D00E3B782 /* Preview Assets.xcassets */,
			);
			path = "Preview Content";
			sourceTree = "<group>";
		};
		6BE93AAE25D080BA0082518F /* PageView */ = {
			isa = PBXGroup;
			children = (
				6BE93AAF25D080E10082518F /* FeatureCard.swift */,
				6BE93AB525D080F50082518F /* PageControl.swift */,
				6BE93AB925D081020082518F /* PageView.swift */,
				6BE93ABD25D081110082518F /* PageViewController.swift */,
			);
			path = PageView;
			sourceTree = "<group>";
		};
		6BEAA89325CCB23A00A96BF1 /* Products */ = {
			isa = PBXGroup;
			children = (
				6BEAA89D25CCB23A00A96BF1 /* SQLite.framework */,
				6BEAA89F25CCB23A00A96BF1 /* SQLiteTests iOS.xctest */,
				6BEAA8A125CCB23A00A96BF1 /* SQLite.framework */,
				6BEAA8A325CCB23A00A96BF1 /* SQLiteTests Mac.xctest */,
				6BEAA8A525CCB23A00A96BF1 /* SQLite.framework */,
				6BEAA8A725CCB23A00A96BF1 /* SQLiteTests tvOS.xctest */,
				6BEAA8A925CCB23A00A96BF1 /* SQLite.framework */,
			);
			name = Products;
			sourceTree = "<group>";
		};
		6BEAA8B425CCB2D000A96BF1 /* Frameworks */ = {
			isa = PBXGroup;
			children = (
			);
			name = Frameworks;
			sourceTree = "<group>";
		};
		6BFE9D2425CF133F003BC7AD /* Buckets */ = {
			isa = PBXGroup;
			children = (
				6B452DF725CF3935004C0C54 /* BucketDetail.swift */,
				6B452DF325CF3529004C0C54 /* BucketList.swift */,
				6BFE9D2525CF134E003BC7AD /* BucketRow.swift */,
			);
			path = Buckets;
			sourceTree = "<group>";
		};
/* End PBXGroup section */

/* Begin PBXNativeTarget section */
		6B8AA1BD25C9C39A00E3B782 /* WanderBucket */ = {
			isa = PBXNativeTarget;
			buildConfigurationList = 6B8AA1E325C9C39E00E3B782 /* Build configuration list for PBXNativeTarget "WanderBucket" */;
			buildPhases = (
				6B8AA1BA25C9C39A00E3B782 /* Sources */,
				6B8AA1BB25C9C39A00E3B782 /* Frameworks */,
				6B8AA1BC25C9C39A00E3B782 /* Resources */,
				6BEAA8B725CCB2D000A96BF1 /* Embed Frameworks */,
			);
			buildRules = (
			);
			dependencies = (
			);
			name = WanderBucket;
			productName = WanderBucket;
			productReference = 6B8AA1BE25C9C39A00E3B782 /* WanderBucket.app */;
			productType = "com.apple.product-type.application";
		};
		6B8AA1CE25C9C39D00E3B782 /* WanderBucketTests */ = {
			isa = PBXNativeTarget;
			buildConfigurationList = 6B8AA1E625C9C39E00E3B782 /* Build configuration list for PBXNativeTarget "WanderBucketTests" */;
			buildPhases = (
				6B8AA1CB25C9C39D00E3B782 /* Sources */,
				6B8AA1CC25C9C39D00E3B782 /* Frameworks */,
				6B8AA1CD25C9C39D00E3B782 /* Resources */,
			);
			buildRules = (
			);
			dependencies = (
				6B8AA1D125C9C39D00E3B782 /* PBXTargetDependency */,
			);
			name = WanderBucketTests;
			productName = WanderBucketTests;
			productReference = 6B8AA1CF25C9C39D00E3B782 /* WanderBucketTests.xctest */;
			productType = "com.apple.product-type.bundle.unit-test";
		};
		6B8AA1D925C9C39D00E3B782 /* WanderBucketUITests */ = {
			isa = PBXNativeTarget;
			buildConfigurationList = 6B8AA1E925C9C39E00E3B782 /* Build configuration list for PBXNativeTarget "WanderBucketUITests" */;
			buildPhases = (
				6B8AA1D625C9C39D00E3B782 /* Sources */,
				6B8AA1D725C9C39D00E3B782 /* Frameworks */,
				6B8AA1D825C9C39D00E3B782 /* Resources */,
			);
			buildRules = (
			);
			dependencies = (
				6B8AA1DC25C9C39D00E3B782 /* PBXTargetDependency */,
			);
			name = WanderBucketUITests;
			productName = WanderBucketUITests;
			productReference = 6B8AA1DA25C9C39D00E3B782 /* WanderBucketUITests.xctest */;
			productType = "com.apple.product-type.bundle.ui-testing";
		};
/* End PBXNativeTarget section */

/* Begin PBXProject section */
		6B8AA1B625C9C39A00E3B782 /* Project object */ = {
			isa = PBXProject;
			attributes = {
				LastSwiftUpdateCheck = 1240;
				LastUpgradeCheck = 1240;
				TargetAttributes = {
					6B8AA1BD25C9C39A00E3B782 = {
						CreatedOnToolsVersion = 12.4;
					};
					6B8AA1CE25C9C39D00E3B782 = {
						CreatedOnToolsVersion = 12.4;
						TestTargetID = 6B8AA1BD25C9C39A00E3B782;
					};
					6B8AA1D925C9C39D00E3B782 = {
						CreatedOnToolsVersion = 12.4;
						TestTargetID = 6B8AA1BD25C9C39A00E3B782;
					};
				};
			};
			buildConfigurationList = 6B8AA1B925C9C39A00E3B782 /* Build configuration list for PBXProject "WanderBucket" */;
			compatibilityVersion = "Xcode 9.3";
			developmentRegion = en;
			hasScannedForEncodings = 0;
			knownRegions = (
				en,
				Base,
			);
			mainGroup = 6B8AA1B525C9C39A00E3B782;
			productRefGroup = 6B8AA1BF25C9C39A00E3B782 /* Products */;
			projectDirPath = "";
			projectReferences = (
				{
					ProductGroup = 6BEAA89325CCB23A00A96BF1 /* Products */;
					ProjectRef = 6BEAA89225CCB23A00A96BF1 /* SQLite.xcodeproj */;
				},
			);
			projectRoot = "";
			targets = (
				6B8AA1BD25C9C39A00E3B782 /* WanderBucket */,
				6B8AA1CE25C9C39D00E3B782 /* WanderBucketTests */,
				6B8AA1D925C9C39D00E3B782 /* WanderBucketUITests */,
			);
		};
/* End PBXProject section */

/* Begin PBXReferenceProxy section */
		6BEAA89D25CCB23A00A96BF1 /* SQLite.framework */ = {
			isa = PBXReferenceProxy;
			fileType = wrapper.framework;
			path = SQLite.framework;
			remoteRef = 6BEAA89C25CCB23A00A96BF1 /* PBXContainerItemProxy */;
			sourceTree = BUILT_PRODUCTS_DIR;
		};
		6BEAA89F25CCB23A00A96BF1 /* SQLiteTests iOS.xctest */ = {
			isa = PBXReferenceProxy;
			fileType = wrapper.cfbundle;
			path = "SQLiteTests iOS.xctest";
			remoteRef = 6BEAA89E25CCB23A00A96BF1 /* PBXContainerItemProxy */;
			sourceTree = BUILT_PRODUCTS_DIR;
		};
		6BEAA8A125CCB23A00A96BF1 /* SQLite.framework */ = {
			isa = PBXReferenceProxy;
			fileType = wrapper.framework;
			path = SQLite.framework;
			remoteRef = 6BEAA8A025CCB23A00A96BF1 /* PBXContainerItemProxy */;
			sourceTree = BUILT_PRODUCTS_DIR;
		};
		6BEAA8A325CCB23A00A96BF1 /* SQLiteTests Mac.xctest */ = {
			isa = PBXReferenceProxy;
			fileType = wrapper.cfbundle;
			path = "SQLiteTests Mac.xctest";
			remoteRef = 6BEAA8A225CCB23A00A96BF1 /* PBXContainerItemProxy */;
			sourceTree = BUILT_PRODUCTS_DIR;
		};
		6BEAA8A525CCB23A00A96BF1 /* SQLite.framework */ = {
			isa = PBXReferenceProxy;
			fileType = wrapper.framework;
			path = SQLite.framework;
			remoteRef = 6BEAA8A425CCB23A00A96BF1 /* PBXContainerItemProxy */;
			sourceTree = BUILT_PRODUCTS_DIR;
		};
		6BEAA8A725CCB23A00A96BF1 /* SQLiteTests tvOS.xctest */ = {
			isa = PBXReferenceProxy;
			fileType = wrapper.cfbundle;
			path = "SQLiteTests tvOS.xctest";
			remoteRef = 6BEAA8A625CCB23A00A96BF1 /* PBXContainerItemProxy */;
			sourceTree = BUILT_PRODUCTS_DIR;
		};
		6BEAA8A925CCB23A00A96BF1 /* SQLite.framework */ = {
			isa = PBXReferenceProxy;
			fileType = wrapper.framework;
			path = SQLite.framework;
			remoteRef = 6BEAA8A825CCB23A00A96BF1 /* PBXContainerItemProxy */;
			sourceTree = BUILT_PRODUCTS_DIR;
		};
/* End PBXReferenceProxy section */

/* Begin PBXResourcesBuildPhase section */
		6B8AA1BC25C9C39A00E3B782 /* Resources */ = {
			isa = PBXResourcesBuildPhase;
			buildActionMask = 2147483647;
			files = (
				6B8AA1C925C9C39D00E3B782 /* Preview Assets.xcassets in Resources */,
				6B27CACC25CE0ED3006D1B93 /* ProfileData.json in Resources */,
				6BBF754F25CF182B008D8DE7 /* bucketData.json in Resources */,
				6B8AA1C625C9C39D00E3B782 /* Assets.xcassets in Resources */,
			);
			runOnlyForDeploymentPostprocessing = 0;
		};
		6B8AA1CD25C9C39D00E3B782 /* Resources */ = {
			isa = PBXResourcesBuildPhase;
			buildActionMask = 2147483647;
			files = (
			);
			runOnlyForDeploymentPostprocessing = 0;
		};
		6B8AA1D825C9C39D00E3B782 /* Resources */ = {
			isa = PBXResourcesBuildPhase;
			buildActionMask = 2147483647;
			files = (
			);
			runOnlyForDeploymentPostprocessing = 0;
		};
/* End PBXResourcesBuildPhase section */

/* Begin PBXSourcesBuildPhase section */
		6B8AA1BA25C9C39A00E3B782 /* Sources */ = {
			isa = PBXSourcesBuildPhase;
			buildActionMask = 2147483647;
			files = (
				6BAC47F425CB571400C5F7AE /* SignUpScreen.swift in Sources */,
				6BE93ABA25D081020082518F /* PageView.swift in Sources */,
				6BAC47FC25CB93A600C5F7AE /* ForgotPasswordScreen.swift in Sources */,
				6B452E1525CF657F004C0C54 /* ContentView.swift in Sources */,
				6B846C4A25D2158A006F27A1 /* FinishedButton.swift in Sources */,
				6B452DF425CF3529004C0C54 /* BucketList.swift in Sources */,
				6B56312F25CE2BFE009F34D8 /* ProfileEditor.swift in Sources */,
				6BDB8C3A25C9D82600174CF2 /* GlobeScreen.swift in Sources */,
				6B27CAE325CE2096006D1B93 /* ProfileHost.swift in Sources */,
				6B8AA1C425C9C39A00E3B782 /* LoginScreen.swift in Sources */,
				6B8AA1C225C9C39A00E3B782 /* WanderBucketApp.swift in Sources */,
				6B846C3125D1ADC4006F27A1 /* ToDoList.swift in Sources */,
				6BE93AB625D080F50082518F /* PageControl.swift in Sources */,
				6BE93ABE25D081110082518F /* PageViewController.swift in Sources */,
				6BDB8C4725CA027100174CF2 /* OnBoardingScreen.swift in Sources */,
				6B846C2425D1A634006F27A1 /* ToDoListCheck.swift in Sources */,
				6B846C4125D1B572006F27A1 /* ToDo.swift in Sources */,
				6BE93AB025D080E10082518F /* FeatureCard.swift in Sources */,
				6B27CAD625CE1D87006D1B93 /* Bucket.swift in Sources */,
				6B452E0925CF4F9C004C0C54 /* CategoryHome.swift in Sources */,
				6B27CAC225CE0BF9006D1B93 /* Profile.swift in Sources */,
				6B27CABA25CE0AFD006D1B93 /* ModelData.swift in Sources */,
				6B27CAE925CE20F4006D1B93 /* ProfileSummary.swift in Sources */,
				6B452DFF25CF4760004C0C54 /* FavoriteButton.swift in Sources */,
				6BFE9D2625CF134E003BC7AD /* BucketRow.swift in Sources */,
				6B452DF825CF3935004C0C54 /* BucketDetail.swift in Sources */,
				6BFE9D1825CF0CE5003BC7AD /* ProfilePicture.swift in Sources */,
				6B452E1125CF5603004C0C54 /* CategoryItem.swift in Sources */,
				6B452E0D25CF50D5004C0C54 /* CategoryRow.swift in Sources */,
			);
			runOnlyForDeploymentPostprocessing = 0;
		};
		6B8AA1CB25C9C39D00E3B782 /* Sources */ = {
			isa = PBXSourcesBuildPhase;
			buildActionMask = 2147483647;
			files = (
			);
			runOnlyForDeploymentPostprocessing = 0;
		};
		6B8AA1D625C9C39D00E3B782 /* Sources */ = {
			isa = PBXSourcesBuildPhase;
			buildActionMask = 2147483647;
			files = (
			);
			runOnlyForDeploymentPostprocessing = 0;
		};
/* End PBXSourcesBuildPhase section */

/* Begin PBXTargetDependency section */
		6B8AA1D125C9C39D00E3B782 /* PBXTargetDependency */ = {
			isa = PBXTargetDependency;
			target = 6B8AA1BD25C9C39A00E3B782 /* WanderBucket */;
			targetProxy = 6B8AA1D025C9C39D00E3B782 /* PBXContainerItemProxy */;
		};
		6B8AA1DC25C9C39D00E3B782 /* PBXTargetDependency */ = {
			isa = PBXTargetDependency;
			target = 6B8AA1BD25C9C39A00E3B782 /* WanderBucket */;
			targetProxy = 6B8AA1DB25C9C39D00E3B782 /* PBXContainerItemProxy */;
		};
/* End PBXTargetDependency section */

/* Begin XCBuildConfiguration section */
		6B8AA1E125C9C39D00E3B782 /* Debug */ = {
			isa = XCBuildConfiguration;
			buildSettings = {
				ALWAYS_SEARCH_USER_PATHS = NO;
				CLANG_ANALYZER_NONNULL = YES;
				CLANG_ANALYZER_NUMBER_OBJECT_CONVERSION = YES_AGGRESSIVE;
				CLANG_CXX_LANGUAGE_STANDARD = "gnu++14";
				CLANG_CXX_LIBRARY = "libc++";
				CLANG_ENABLE_MODULES = YES;
				CLANG_ENABLE_OBJC_ARC = YES;
				CLANG_ENABLE_OBJC_WEAK = YES;
				CLANG_WARN_BLOCK_CAPTURE_AUTORELEASING = YES;
				CLANG_WARN_BOOL_CONVERSION = YES;
				CLANG_WARN_COMMA = YES;
				CLANG_WARN_CONSTANT_CONVERSION = YES;
				CLANG_WARN_DEPRECATED_OBJC_IMPLEMENTATIONS = YES;
				CLANG_WARN_DIRECT_OBJC_ISA_USAGE = YES_ERROR;
				CLANG_WARN_DOCUMENTATION_COMMENTS = YES;
				CLANG_WARN_EMPTY_BODY = YES;
				CLANG_WARN_ENUM_CONVERSION = YES;
				CLANG_WARN_INFINITE_RECURSION = YES;
				CLANG_WARN_INT_CONVERSION = YES;
				CLANG_WARN_NON_LITERAL_NULL_CONVERSION = YES;
				CLANG_WARN_OBJC_IMPLICIT_RETAIN_SELF = YES;
				CLANG_WARN_OBJC_LITERAL_CONVERSION = YES;
				CLANG_WARN_OBJC_ROOT_CLASS = YES_ERROR;
				CLANG_WARN_QUOTED_INCLUDE_IN_FRAMEWORK_HEADER = YES;
				CLANG_WARN_RANGE_LOOP_ANALYSIS = YES;
				CLANG_WARN_STRICT_PROTOTYPES = YES;
				CLANG_WARN_SUSPICIOUS_MOVE = YES;
				CLANG_WARN_UNGUARDED_AVAILABILITY = YES_AGGRESSIVE;
				CLANG_WARN_UNREACHABLE_CODE = YES;
				CLANG_WARN__DUPLICATE_METHOD_MATCH = YES;
				COPY_PHASE_STRIP = NO;
				DEBUG_INFORMATION_FORMAT = dwarf;
				ENABLE_STRICT_OBJC_MSGSEND = YES;
				ENABLE_TESTABILITY = YES;
				GCC_C_LANGUAGE_STANDARD = gnu11;
				GCC_DYNAMIC_NO_PIC = NO;
				GCC_NO_COMMON_BLOCKS = YES;
				GCC_OPTIMIZATION_LEVEL = 0;
				GCC_PREPROCESSOR_DEFINITIONS = (
					"DEBUG=1",
					"$(inherited)",
				);
				GCC_WARN_64_TO_32_BIT_CONVERSION = YES;
				GCC_WARN_ABOUT_RETURN_TYPE = YES_ERROR;
				GCC_WARN_UNDECLARED_SELECTOR = YES;
				GCC_WARN_UNINITIALIZED_AUTOS = YES_AGGRESSIVE;
				GCC_WARN_UNUSED_FUNCTION = YES;
				GCC_WARN_UNUSED_VARIABLE = YES;
				IPHONEOS_DEPLOYMENT_TARGET = 14.4;
				MTL_ENABLE_DEBUG_INFO = INCLUDE_SOURCE;
				MTL_FAST_MATH = YES;
				ONLY_ACTIVE_ARCH = YES;
				SDKROOT = iphoneos;
				SWIFT_ACTIVE_COMPILATION_CONDITIONS = DEBUG;
				SWIFT_OPTIMIZATION_LEVEL = "-Onone";
			};
			name = Debug;
		};
		6B8AA1E225C9C39D00E3B782 /* Release */ = {
			isa = XCBuildConfiguration;
			buildSettings = {
				ALWAYS_SEARCH_USER_PATHS = NO;
				CLANG_ANALYZER_NONNULL = YES;
				CLANG_ANALYZER_NUMBER_OBJECT_CONVERSION = YES_AGGRESSIVE;
				CLANG_CXX_LANGUAGE_STANDARD = "gnu++14";
				CLANG_CXX_LIBRARY = "libc++";
				CLANG_ENABLE_MODULES = YES;
				CLANG_ENABLE_OBJC_ARC = YES;
				CLANG_ENABLE_OBJC_WEAK = YES;
				CLANG_WARN_BLOCK_CAPTURE_AUTORELEASING = YES;
				CLANG_WARN_BOOL_CONVERSION = YES;
				CLANG_WARN_COMMA = YES;
				CLANG_WARN_CONSTANT_CONVERSION = YES;
				CLANG_WARN_DEPRECATED_OBJC_IMPLEMENTATIONS = YES;
				CLANG_WARN_DIRECT_OBJC_ISA_USAGE = YES_ERROR;
				CLANG_WARN_DOCUMENTATION_COMMENTS = YES;
				CLANG_WARN_EMPTY_BODY = YES;
				CLANG_WARN_ENUM_CONVERSION = YES;
				CLANG_WARN_INFINITE_RECURSION = YES;
				CLANG_WARN_INT_CONVERSION = YES;
				CLANG_WARN_NON_LITERAL_NULL_CONVERSION = YES;
				CLANG_WARN_OBJC_IMPLICIT_RETAIN_SELF = YES;
				CLANG_WARN_OBJC_LITERAL_CONVERSION = YES;
				CLANG_WARN_OBJC_ROOT_CLASS = YES_ERROR;
				CLANG_WARN_QUOTED_INCLUDE_IN_FRAMEWORK_HEADER = YES;
				CLANG_WARN_RANGE_LOOP_ANALYSIS = YES;
				CLANG_WARN_STRICT_PROTOTYPES = YES;
				CLANG_WARN_SUSPICIOUS_MOVE = YES;
				CLANG_WARN_UNGUARDED_AVAILABILITY = YES_AGGRESSIVE;
				CLANG_WARN_UNREACHABLE_CODE = YES;
				CLANG_WARN__DUPLICATE_METHOD_MATCH = YES;
				COPY_PHASE_STRIP = NO;
				DEBUG_INFORMATION_FORMAT = "dwarf-with-dsym";
				ENABLE_NS_ASSERTIONS = NO;
				ENABLE_STRICT_OBJC_MSGSEND = YES;
				GCC_C_LANGUAGE_STANDARD = gnu11;
				GCC_NO_COMMON_BLOCKS = YES;
				GCC_WARN_64_TO_32_BIT_CONVERSION = YES;
				GCC_WARN_ABOUT_RETURN_TYPE = YES_ERROR;
				GCC_WARN_UNDECLARED_SELECTOR = YES;
				GCC_WARN_UNINITIALIZED_AUTOS = YES_AGGRESSIVE;
				GCC_WARN_UNUSED_FUNCTION = YES;
				GCC_WARN_UNUSED_VARIABLE = YES;
				IPHONEOS_DEPLOYMENT_TARGET = 14.4;
				MTL_ENABLE_DEBUG_INFO = NO;
				MTL_FAST_MATH = YES;
				SDKROOT = iphoneos;
				SWIFT_COMPILATION_MODE = wholemodule;
				SWIFT_OPTIMIZATION_LEVEL = "-O";
				VALIDATE_PRODUCT = YES;
			};
			name = Release;
		};
		6B8AA1E425C9C39E00E3B782 /* Debug */ = {
			isa = XCBuildConfiguration;
			buildSettings = {
				ASSETCATALOG_COMPILER_APPICON_NAME = AppIcon;
				ASSETCATALOG_COMPILER_GLOBAL_ACCENT_COLOR_NAME = AccentColor;
				CODE_SIGN_STYLE = Automatic;
				DEVELOPMENT_ASSET_PATHS = "\"WanderBucket/Preview Content\"";
				DEVELOPMENT_TEAM = 6AQBUJ5UX9;
				ENABLE_PREVIEWS = YES;
				INFOPLIST_FILE = WanderBucket/Info.plist;
				IPHONEOS_DEPLOYMENT_TARGET = 14.0;
				LD_RUNPATH_SEARCH_PATHS = (
					"$(inherited)",
					"@executable_path/Frameworks",
				);
				PRODUCT_BUNDLE_IDENTIFIER = brendanbena.WanderBucket;
				PRODUCT_NAME = "$(TARGET_NAME)";
				SWIFT_VERSION = 5.0;
				TARGETED_DEVICE_FAMILY = 1;
			};
			name = Debug;
		};
		6B8AA1E525C9C39E00E3B782 /* Release */ = {
			isa = XCBuildConfiguration;
			buildSettings = {
				ASSETCATALOG_COMPILER_APPICON_NAME = AppIcon;
				ASSETCATALOG_COMPILER_GLOBAL_ACCENT_COLOR_NAME = AccentColor;
				CODE_SIGN_STYLE = Automatic;
				DEVELOPMENT_ASSET_PATHS = "\"WanderBucket/Preview Content\"";
				DEVELOPMENT_TEAM = 6AQBUJ5UX9;
				ENABLE_PREVIEWS = YES;
				INFOPLIST_FILE = WanderBucket/Info.plist;
				IPHONEOS_DEPLOYMENT_TARGET = 14.0;
				LD_RUNPATH_SEARCH_PATHS = (
					"$(inherited)",
					"@executable_path/Frameworks",
				);
				PRODUCT_BUNDLE_IDENTIFIER = brendanbena.WanderBucket;
				PRODUCT_NAME = "$(TARGET_NAME)";
				SWIFT_VERSION = 5.0;
				TARGETED_DEVICE_FAMILY = 1;
			};
			name = Release;
		};
		6B8AA1E725C9C39E00E3B782 /* Debug */ = {
			isa = XCBuildConfiguration;
			buildSettings = {
				ALWAYS_EMBED_SWIFT_STANDARD_LIBRARIES = YES;
				BUNDLE_LOADER = "$(TEST_HOST)";
				CODE_SIGN_STYLE = Automatic;
				DEVELOPMENT_TEAM = 6AQBUJ5UX9;
				INFOPLIST_FILE = WanderBucketTests/Info.plist;
				IPHONEOS_DEPLOYMENT_TARGET = 14.0;
				LD_RUNPATH_SEARCH_PATHS = (
					"$(inherited)",
					"@executable_path/Frameworks",
					"@loader_path/Frameworks",
				);
				PRODUCT_BUNDLE_IDENTIFIER = brendanbena.WanderBucketTests;
				PRODUCT_NAME = "$(TARGET_NAME)";
				SWIFT_VERSION = 5.0;
				TARGETED_DEVICE_FAMILY = "1,2";
				TEST_HOST = "$(BUILT_PRODUCTS_DIR)/WanderBucket.app/WanderBucket";
			};
			name = Debug;
		};
		6B8AA1E825C9C39E00E3B782 /* Release */ = {
			isa = XCBuildConfiguration;
			buildSettings = {
				ALWAYS_EMBED_SWIFT_STANDARD_LIBRARIES = YES;
				BUNDLE_LOADER = "$(TEST_HOST)";
				CODE_SIGN_STYLE = Automatic;
				DEVELOPMENT_TEAM = 6AQBUJ5UX9;
				INFOPLIST_FILE = WanderBucketTests/Info.plist;
				IPHONEOS_DEPLOYMENT_TARGET = 14.0;
				LD_RUNPATH_SEARCH_PATHS = (
					"$(inherited)",
					"@executable_path/Frameworks",
					"@loader_path/Frameworks",
				);
				PRODUCT_BUNDLE_IDENTIFIER = brendanbena.WanderBucketTests;
				PRODUCT_NAME = "$(TARGET_NAME)";
				SWIFT_VERSION = 5.0;
				TARGETED_DEVICE_FAMILY = "1,2";
				TEST_HOST = "$(BUILT_PRODUCTS_DIR)/WanderBucket.app/WanderBucket";
			};
			name = Release;
		};
		6B8AA1EA25C9C39E00E3B782 /* Debug */ = {
			isa = XCBuildConfiguration;
			buildSettings = {
				ALWAYS_EMBED_SWIFT_STANDARD_LIBRARIES = YES;
				CODE_SIGN_STYLE = Automatic;
				DEVELOPMENT_TEAM = 6AQBUJ5UX9;
				INFOPLIST_FILE = WanderBucketUITests/Info.plist;
				LD_RUNPATH_SEARCH_PATHS = (
					"$(inherited)",
					"@executable_path/Frameworks",
					"@loader_path/Frameworks",
				);
				PRODUCT_BUNDLE_IDENTIFIER = brendanbena.WanderBucketUITests;
				PRODUCT_NAME = "$(TARGET_NAME)";
				SWIFT_VERSION = 5.0;
				TARGETED_DEVICE_FAMILY = "1,2";
				TEST_TARGET_NAME = WanderBucket;
			};
			name = Debug;
		};
		6B8AA1EB25C9C39E00E3B782 /* Release */ = {
			isa = XCBuildConfiguration;
			buildSettings = {
				ALWAYS_EMBED_SWIFT_STANDARD_LIBRARIES = YES;
				CODE_SIGN_STYLE = Automatic;
				DEVELOPMENT_TEAM = 6AQBUJ5UX9;
				INFOPLIST_FILE = WanderBucketUITests/Info.plist;
				LD_RUNPATH_SEARCH_PATHS = (
					"$(inherited)",
					"@executable_path/Frameworks",
					"@loader_path/Frameworks",
				);
				PRODUCT_BUNDLE_IDENTIFIER = brendanbena.WanderBucketUITests;
				PRODUCT_NAME = "$(TARGET_NAME)";
				SWIFT_VERSION = 5.0;
				TARGETED_DEVICE_FAMILY = "1,2";
				TEST_TARGET_NAME = WanderBucket;
			};
			name = Release;
		};
/* End XCBuildConfiguration section */

/* Begin XCConfigurationList section */
		6B8AA1B925C9C39A00E3B782 /* Build configuration list for PBXProject "WanderBucket" */ = {
			isa = XCConfigurationList;
			buildConfigurations = (
				6B8AA1E125C9C39D00E3B782 /* Debug */,
				6B8AA1E225C9C39D00E3B782 /* Release */,
			);
			defaultConfigurationIsVisible = 0;
			defaultConfigurationName = Release;
		};
		6B8AA1E325C9C39E00E3B782 /* Build configuration list for PBXNativeTarget "WanderBucket" */ = {
			isa = XCConfigurationList;
			buildConfigurations = (
				6B8AA1E425C9C39E00E3B782 /* Debug */,
				6B8AA1E525C9C39E00E3B782 /* Release */,
			);
			defaultConfigurationIsVisible = 0;
			defaultConfigurationName = Release;
		};
		6B8AA1E625C9C39E00E3B782 /* Build configuration list for PBXNativeTarget "WanderBucketTests" */ = {
			isa = XCConfigurationList;
			buildConfigurations = (
				6B8AA1E725C9C39E00E3B782 /* Debug */,
				6B8AA1E825C9C39E00E3B782 /* Release */,
			);
			defaultConfigurationIsVisible = 0;
			defaultConfigurationName = Release;
		};
		6B8AA1E925C9C39E00E3B782 /* Build configuration list for PBXNativeTarget "WanderBucketUITests" */ = {
			isa = XCConfigurationList;
			buildConfigurations = (
				6B8AA1EA25C9C39E00E3B782 /* Debug */,
				6B8AA1EB25C9C39E00E3B782 /* Release */,
			);
			defaultConfigurationIsVisible = 0;
			defaultConfigurationName = Release;
		};
/* End XCConfigurationList section */
	};
	rootObject = 6B8AA1B625C9C39A00E3B782 /* Project object */;
}
